{
  "nodes": {
    "nixpkgs": {
      "locked": {
        "lastModified": 1743115844,
        "narHash": "sha256-XHA1pJz0SXdlyzbC19+9b5tzakCEmDzJxlTmxQQqRdw=",
        "type": "tarball",
        "url": "https://github.com/alexfmpe/nixpkgs/archive/b594b289740a2bc917ed9c66fef5d905f389cb96.tar.gz"
      },
      "original": {
        "type": "tarball",
        "url": "https://github.com/alexfmpe/nixpkgs/archive/b594b289740a2bc917ed9c66fef5d905f389cb96.tar.gz"
      }
    },
    "root": {
      "inputs": {
        "nixpkgs": "nixpkgs"
      }
    }
  },
  "root": "root",
  "version": 7
}
